// !$*UTF8*$!
{
	archiveVersion = 1;
	classes = {
	};
	objectVersion = 56;
	objects = {

/* Begin PBXBuildFile section */
		5D4488F3299A7F5100A273D8 /* AppDelegate.swift in Sources */ = {isa = PBXBuildFile; fileRef = 5D4488F2299A7F5100A273D8 /* AppDelegate.swift */; };
		5D4488F5299A7F5100A273D8 /* SceneDelegate.swift in Sources */ = {isa = PBXBuildFile; fileRef = 5D4488F4299A7F5100A273D8 /* SceneDelegate.swift */; };
		5D4488FC299A7F5800A273D8 /* Assets.xcassets in Resources */ = {isa = PBXBuildFile; fileRef = 5D4488FB299A7F5800A273D8 /* Assets.xcassets */; };
		5D4488FF299A7F5800A273D8 /* LaunchScreen.storyboard in Resources */ = {isa = PBXBuildFile; fileRef = 5D4488FD299A7F5800A273D8 /* LaunchScreen.storyboard */; };
		5D448907299A810300A273D8 /* MainViewController.swift in Sources */ = {isa = PBXBuildFile; fileRef = 5D448906299A810300A273D8 /* MainViewController.swift */; };
		5D448909299A820500A273D8 /* MainView.swift in Sources */ = {isa = PBXBuildFile; fileRef = 5D448908299A820500A273D8 /* MainView.swift */; };
		5D44890B299A822900A273D8 /* CategoriesCollectionViewCell.swift in Sources */ = {isa = PBXBuildFile; fileRef = 5D44890A299A822900A273D8 /* CategoriesCollectionViewCell.swift */; };
		5D44890F299A82B900A273D8 /* UIColor + Extension.swift in Sources */ = {isa = PBXBuildFile; fileRef = 5D44890E299A82B900A273D8 /* UIColor + Extension.swift */; };
		5D448911299A843B00A273D8 /* Color.swift in Sources */ = {isa = PBXBuildFile; fileRef = 5D448910299A843B00A273D8 /* Color.swift */; };
		5D448913299A892400A273D8 /* UIView + Extension.swift in Sources */ = {isa = PBXBuildFile; fileRef = 5D448912299A892400A273D8 /* UIView + Extension.swift */; };
		5D448925299A945400A273D8 /* BottomView.swift in Sources */ = {isa = PBXBuildFile; fileRef = 5D448924299A945400A273D8 /* BottomView.swift */; };
		5D448927299A96B700A273D8 /* UIFont + Extension.swift in Sources */ = {isa = PBXBuildFile; fileRef = 5D448926299A96B600A273D8 /* UIFont + Extension.swift */; };
		5D448929299AA27400A273D8 /* ViewController.swift in Sources */ = {isa = PBXBuildFile; fileRef = 5D448928299AA27400A273D8 /* ViewController.swift */; };
		5D44892B299ABE7600A273D8 /* Constan.swift in Sources */ = {isa = PBXBuildFile; fileRef = 5D44892A299ABE7600A273D8 /* Constan.swift */; };
/* End PBXBuildFile section */

/* Begin PBXFileReference section */
		5D4488EF299A7F5100A273D8 /* SurfTest.app */ = {isa = PBXFileReference; explicitFileType = wrapper.application; includeInIndex = 0; path = SurfTest.app; sourceTree = BUILT_PRODUCTS_DIR; };
		5D4488F2299A7F5100A273D8 /* AppDelegate.swift */ = {isa = PBXFileReference; lastKnownFileType = sourcecode.swift; path = AppDelegate.swift; sourceTree = "<group>"; };
		5D4488F4299A7F5100A273D8 /* SceneDelegate.swift */ = {isa = PBXFileReference; lastKnownFileType = sourcecode.swift; path = SceneDelegate.swift; sourceTree = "<group>"; };
		5D4488FB299A7F5800A273D8 /* Assets.xcassets */ = {isa = PBXFileReference; lastKnownFileType = folder.assetcatalog; path = Assets.xcassets; sourceTree = "<group>"; };
		5D4488FE299A7F5800A273D8 /* Base */ = {isa = PBXFileReference; lastKnownFileType = file.storyboard; name = Base; path = Base.lproj/LaunchScreen.storyboard; sourceTree = "<group>"; };
		5D448900299A7F5800A273D8 /* Info.plist */ = {isa = PBXFileReference; lastKnownFileType = text.plist.xml; path = Info.plist; sourceTree = "<group>"; };
		5D448906299A810300A273D8 /* MainViewController.swift */ = {isa = PBXFileReference; lastKnownFileType = sourcecode.swift; path = MainViewController.swift; sourceTree = "<group>"; };
		5D448908299A820500A273D8 /* MainView.swift */ = {isa = PBXFileReference; lastKnownFileType = sourcecode.swift; path = MainView.swift; sourceTree = "<group>"; };
		5D44890A299A822900A273D8 /* CategoriesCollectionViewCell.swift */ = {isa = PBXFileReference; lastKnownFileType = sourcecode.swift; path = CategoriesCollectionViewCell.swift; sourceTree = "<group>"; };
		5D44890E299A82B900A273D8 /* UIColor + Extension.swift */ = {isa = PBXFileReference; lastKnownFileType = sourcecode.swift; path = "UIColor + Extension.swift"; sourceTree = "<group>"; };
		5D448910299A843B00A273D8 /* Color.swift */ = {isa = PBXFileReference; lastKnownFileType = sourcecode.swift; path = Color.swift; sourceTree = "<group>"; };
		5D448912299A892400A273D8 /* UIView + Extension.swift */ = {isa = PBXFileReference; lastKnownFileType = sourcecode.swift; path = "UIView + Extension.swift"; sourceTree = "<group>"; };
		5D448921299A943700A273D8 /* SFProDisplay-Bold.ttf */ = {isa = PBXFileReference; lastKnownFileType = file; name = "SFProDisplay-Bold.ttf"; path = "../../../SurfTask-master/SurfTask/Resourses/Fonts/SFProDisplay-Bold.ttf"; sourceTree = "<group>"; };
		5D448922299A943700A273D8 /* SFProDisplay-Regular.ttf */ = {isa = PBXFileReference; lastKnownFileType = file; name = "SFProDisplay-Regular.ttf"; path = "../../../SurfTask-master/SurfTask/Resourses/Fonts/SFProDisplay-Regular.ttf"; sourceTree = "<group>"; };
		5D448923299A943700A273D8 /* SFProDisplay-Medium.ttf */ = {isa = PBXFileReference; lastKnownFileType = file; name = "SFProDisplay-Medium.ttf"; path = "../../../SurfTask-master/SurfTask/Resourses/Fonts/SFProDisplay-Medium.ttf"; sourceTree = "<group>"; };
		5D448924299A945400A273D8 /* BottomView.swift */ = {isa = PBXFileReference; lastKnownFileType = sourcecode.swift; path = BottomView.swift; sourceTree = "<group>"; };
		5D448926299A96B600A273D8 /* UIFont + Extension.swift */ = {isa = PBXFileReference; lastKnownFileType = sourcecode.swift; path = "UIFont + Extension.swift"; sourceTree = "<group>"; };
		5D448928299AA27400A273D8 /* ViewController.swift */ = {isa = PBXFileReference; lastKnownFileType = sourcecode.swift; path = ViewController.swift; sourceTree = "<group>"; };
		5D44892A299ABE7600A273D8 /* Constan.swift */ = {isa = PBXFileReference; lastKnownFileType = sourcecode.swift; path = Constan.swift; sourceTree = "<group>"; };
/* End PBXFileReference section */

/* Begin PBXFrameworksBuildPhase section */
		5D4488EC299A7F5100A273D8 /* Frameworks */ = {
			isa = PBXFrameworksBuildPhase;
			buildActionMask = 2147483647;
			files = (
			);
			runOnlyForDeploymentPostprocessing = 0;
		};
/* End PBXFrameworksBuildPhase section */

/* Begin PBXGroup section */
		5D4488E6299A7F5100A273D8 = {
			isa = PBXGroup;
			children = (
				5D4488F1299A7F5100A273D8 /* SurfTest */,
				5D4488F0299A7F5100A273D8 /* Products */,
			);
			sourceTree = "<group>";
		};
		5D4488F0299A7F5100A273D8 /* Products */ = {
			isa = PBXGroup;
			children = (
				5D4488EF299A7F5100A273D8 /* SurfTest.app */,
			);
			name = Products;
			sourceTree = "<group>";
		};
		5D4488F1299A7F5100A273D8 /* SurfTest */ = {
			isa = PBXGroup;
			children = (
				5D4488F2299A7F5100A273D8 /* AppDelegate.swift */,
				5D4488F4299A7F5100A273D8 /* SceneDelegate.swift */,
				5D448906299A810300A273D8 /* MainViewController.swift */,
				5D448928299AA27400A273D8 /* ViewController.swift */,
				5D448908299A820500A273D8 /* MainView.swift */,
				5D448924299A945400A273D8 /* BottomView.swift */,
				5D44890A299A822900A273D8 /* CategoriesCollectionViewCell.swift */,
				5D448912299A892400A273D8 /* UIView + Extension.swift */,
				5D44890E299A82B900A273D8 /* UIColor + Extension.swift */,
				5D448926299A96B600A273D8 /* UIFont + Extension.swift */,
				5D448910299A843B00A273D8 /* Color.swift */,
				5D44892A299ABE7600A273D8 /* Constan.swift */,
				5D448914299A92F700A273D8 /* Fonts */,
				5D4488FB299A7F5800A273D8 /* Assets.xcassets */,
				5D4488FD299A7F5800A273D8 /* LaunchScreen.storyboard */,
				5D448900299A7F5800A273D8 /* Info.plist */,
			);
			path = SurfTest;
			sourceTree = "<group>";
		};
		5D448914299A92F700A273D8 /* Fonts */ = {
			isa = PBXGroup;
			children = (
				5D448921299A943700A273D8 /* SFProDisplay-Bold.ttf */,
				5D448923299A943700A273D8 /* SFProDisplay-Medium.ttf */,
				5D448922299A943700A273D8 /* SFProDisplay-Regular.ttf */,
			);
			name = Fonts;
			path = "../../../../Users/karimsadykov/Downloads/Surf-test-task-main/Surf_test_task/Fonts";
			sourceTree = "<group>";
		};
/* End PBXGroup section */

/* Begin PBXNativeTarget section */
		5D4488EE299A7F5100A273D8 /* SurfTest */ = {
			isa = PBXNativeTarget;
			buildConfigurationList = 5D448903299A7F5800A273D8 /* Build configuration list for PBXNativeTarget "SurfTest" */;
			buildPhases = (
				5D4488EB299A7F5100A273D8 /* Sources */,
				5D4488EC299A7F5100A273D8 /* Frameworks */,
				5D4488ED299A7F5100A273D8 /* Resources */,
			);
			buildRules = (
			);
			dependencies = (
			);
			name = SurfTest;
			productName = SurfTest;
			productReference = 5D4488EF299A7F5100A273D8 /* SurfTest.app */;
			productType = "com.apple.product-type.application";
		};
/* End PBXNativeTarget section */

/* Begin PBXProject section */
		5D4488E7299A7F5100A273D8 /* Project object */ = {
			isa = PBXProject;
			attributes = {
				BuildIndependentTargetsInParallel = 1;
				LastSwiftUpdateCheck = 1410;
				LastUpgradeCheck = 1410;
				TargetAttributes = {
					5D4488EE299A7F5100A273D8 = {
						CreatedOnToolsVersion = 14.1;
					};
				};
			};
			buildConfigurationList = 5D4488EA299A7F5100A273D8 /* Build configuration list for PBXProject "SurfTest" */;
			compatibilityVersion = "Xcode 14.0";
			developmentRegion = en;
			hasScannedForEncodings = 0;
			knownRegions = (
				en,
				Base,
			);
			mainGroup = 5D4488E6299A7F5100A273D8;
			productRefGroup = 5D4488F0299A7F5100A273D8 /* Products */;
			projectDirPath = "";
			projectRoot = "";
			targets = (
				5D4488EE299A7F5100A273D8 /* SurfTest */,
			);
		};
/* End PBXProject section */

/* Begin PBXResourcesBuildPhase section */
		5D4488ED299A7F5100A273D8 /* Resources */ = {
			isa = PBXResourcesBuildPhase;
			buildActionMask = 2147483647;
			files = (
				5D4488FF299A7F5800A273D8 /* LaunchScreen.storyboard in Resources */,
				5D4488FC299A7F5800A273D8 /* Assets.xcassets in Resources */,
			);
			runOnlyForDeploymentPostprocessing = 0;
		};
/* End PBXResourcesBuildPhase section */

/* Begin PBXSourcesBuildPhase section */
		5D4488EB299A7F5100A273D8 /* Sources */ = {
			isa = PBXSourcesBuildPhase;
			buildActionMask = 2147483647;
			files = (
				5D448927299A96B700A273D8 /* UIFont + Extension.swift in Sources */,
				5D448925299A945400A273D8 /* BottomView.swift in Sources */,
				5D44892B299ABE7600A273D8 /* Constan.swift in Sources */,
				5D4488F3299A7F5100A273D8 /* AppDelegate.swift in Sources */,
				5D448909299A820500A273D8 /* MainView.swift in Sources */,
				5D448929299AA27400A273D8 /* ViewController.swift in Sources */,
				5D448911299A843B00A273D8 /* Color.swift in Sources */,
				5D4488F5299A7F5100A273D8 /* SceneDelegate.swift in Sources */,
				5D448913299A892400A273D8 /* UIView + Extension.swift in Sources */,
				5D44890F299A82B900A273D8 /* UIColor + Extension.swift in Sources */,
				5D448907299A810300A273D8 /* MainViewController.swift in Sources */,
				5D44890B299A822900A273D8 /* CategoriesCollectionViewCell.swift in Sources */,
			);
			runOnlyForDeploymentPostprocessing = 0;
		};
/* End PBXSourcesBuildPhase section */

/* Begin PBXVariantGroup section */
		5D4488FD299A7F5800A273D8 /* LaunchScreen.storyboard */ = {
			isa = PBXVariantGroup;
			children = (
				5D4488FE299A7F5800A273D8 /* Base */,
			);
			name = LaunchScreen.storyboard;
			sourceTree = "<group>";
		};
/* End PBXVariantGroup section */

/* Begin XCBuildConfiguration section */
		5D448901299A7F5800A273D8 /* Debug */ = {
			isa = XCBuildConfiguration;
			buildSettings = {
				ALWAYS_SEARCH_USER_PATHS = NO;
				CLANG_ANALYZER_NONNULL = YES;
				CLANG_ANALYZER_NUMBER_OBJECT_CONVERSION = YES_AGGRESSIVE;
				CLANG_CXX_LANGUAGE_STANDARD = "gnu++20";
				CLANG_ENABLE_MODULES = YES;
				CLANG_ENABLE_OBJC_ARC = YES;
				CLANG_ENABLE_OBJC_WEAK = YES;
				CLANG_WARN_BLOCK_CAPTURE_AUTORELEASING = YES;
				CLANG_WARN_BOOL_CONVERSION = YES;
				CLANG_WARN_COMMA = YES;
				CLANG_WARN_CONSTANT_CONVERSION = YES;
				CLANG_WARN_DEPRECATED_OBJC_IMPLEMENTATIONS = YES;
				CLANG_WARN_DIRECT_OBJC_ISA_USAGE = YES_ERROR;
				CLANG_WARN_DOCUMENTATION_COMMENTS = YES;
				CLANG_WARN_EMPTY_BODY = YES;
				CLANG_WARN_ENUM_CONVERSION = YES;
				CLANG_WARN_INFINITE_RECURSION = YES;
				CLANG_WARN_INT_CONVERSION = YES;
				CLANG_WARN_NON_LITERAL_NULL_CONVERSION = YES;
				CLANG_WARN_OBJC_IMPLICIT_RETAIN_SELF = YES;
				CLANG_WARN_OBJC_LITERAL_CONVERSION = YES;
				CLANG_WARN_OBJC_ROOT_CLASS = YES_ERROR;
				CLANG_WARN_QUOTED_INCLUDE_IN_FRAMEWORK_HEADER = YES;
				CLANG_WARN_RANGE_LOOP_ANALYSIS = YES;
				CLANG_WARN_STRICT_PROTOTYPES = YES;
				CLANG_WARN_SUSPICIOUS_MOVE = YES;
				CLANG_WARN_UNGUARDED_AVAILABILITY = YES_AGGRESSIVE;
				CLANG_WARN_UNREACHABLE_CODE = YES;
				CLANG_WARN__DUPLICATE_METHOD_MATCH = YES;
				COPY_PHASE_STRIP = NO;
				DEBUG_INFORMATION_FORMAT = dwarf;
				ENABLE_STRICT_OBJC_MSGSEND = YES;
				ENABLE_TESTABILITY = YES;
				GCC_C_LANGUAGE_STANDARD = gnu11;
				GCC_DYNAMIC_NO_PIC = NO;
				GCC_NO_COMMON_BLOCKS = YES;
				GCC_OPTIMIZATION_LEVEL = 0;
				GCC_PREPROCESSOR_DEFINITIONS = (
					"DEBUG=1",
					"$(inherited)",
				);
				GCC_WARN_64_TO_32_BIT_CONVERSION = YES;
				GCC_WARN_ABOUT_RETURN_TYPE = YES_ERROR;
				GCC_WARN_UNDECLARED_SELECTOR = YES;
				GCC_WARN_UNINITIALIZED_AUTOS = YES_AGGRESSIVE;
				GCC_WARN_UNUSED_FUNCTION = YES;
				GCC_WARN_UNUSED_VARIABLE = YES;
				IPHONEOS_DEPLOYMENT_TARGET = 16.1;
				MTL_ENABLE_DEBUG_INFO = INCLUDE_SOURCE;
				MTL_FAST_MATH = YES;
				ONLY_ACTIVE_ARCH = YES;
				SDKROOT = iphoneos;
				SWIFT_ACTIVE_COMPILATION_CONDITIONS = DEBUG;
				SWIFT_OPTIMIZATION_LEVEL = "-Onone";
			};
			name = Debug;
		};
		5D448902299A7F5800A273D8 /* Release */ = {
			isa = XCBuildConfiguration;
			buildSettings = {
				ALWAYS_SEARCH_USER_PATHS = NO;
				CLANG_ANALYZER_NONNULL = YES;
				CLANG_ANALYZER_NUMBER_OBJECT_CONVERSION = YES_AGGRESSIVE;
				CLANG_CXX_LANGUAGE_STANDARD = "gnu++20";
				CLANG_ENABLE_MODULES = YES;
				CLANG_ENABLE_OBJC_ARC = YES;
				CLANG_ENABLE_OBJC_WEAK = YES;
				CLANG_WARN_BLOCK_CAPTURE_AUTORELEASING = YES;
				CLANG_WARN_BOOL_CONVERSION = YES;
				CLANG_WARN_COMMA = YES;
				CLANG_WARN_CONSTANT_CONVERSION = YES;
				CLANG_WARN_DEPRECATED_OBJC_IMPLEMENTATIONS = YES;
				CLANG_WARN_DIRECT_OBJC_ISA_USAGE = YES_ERROR;
				CLANG_WARN_DOCUMENTATION_COMMENTS = YES;
				CLANG_WARN_EMPTY_BODY = YES;
				CLANG_WARN_ENUM_CONVERSION = YES;
				CLANG_WARN_INFINITE_RECURSION = YES;
				CLANG_WARN_INT_CONVERSION = YES;
				CLANG_WARN_NON_LITERAL_NULL_CONVERSION = YES;
				CLANG_WARN_OBJC_IMPLICIT_RETAIN_SELF = YES;
				CLANG_WARN_OBJC_LITERAL_CONVERSION = YES;
				CLANG_WARN_OBJC_ROOT_CLASS = YES_ERROR;
				CLANG_WARN_QUOTED_INCLUDE_IN_FRAMEWORK_HEADER = YES;
				CLANG_WARN_RANGE_LOOP_ANALYSIS = YES;
				CLANG_WARN_STRICT_PROTOTYPES = YES;
				CLANG_WARN_SUSPICIOUS_MOVE = YES;
				CLANG_WARN_UNGUARDED_AVAILABILITY = YES_AGGRESSIVE;
				CLANG_WARN_UNREACHABLE_CODE = YES;
				CLANG_WARN__DUPLICATE_METHOD_MATCH = YES;
				COPY_PHASE_STRIP = NO;
				DEBUG_INFORMATION_FORMAT = "dwarf-with-dsym";
				ENABLE_NS_ASSERTIONS = NO;
				ENABLE_STRICT_OBJC_MSGSEND = YES;
				GCC_C_LANGUAGE_STANDARD = gnu11;
				GCC_NO_COMMON_BLOCKS = YES;
				GCC_WARN_64_TO_32_BIT_CONVERSION = YES;
				GCC_WARN_ABOUT_RETURN_TYPE = YES_ERROR;
				GCC_WARN_UNDECLARED_SELECTOR = YES;
				GCC_WARN_UNINITIALIZED_AUTOS = YES_AGGRESSIVE;
				GCC_WARN_UNUSED_FUNCTION = YES;
				GCC_WARN_UNUSED_VARIABLE = YES;
				IPHONEOS_DEPLOYMENT_TARGET = 16.1;
				MTL_ENABLE_DEBUG_INFO = NO;
				MTL_FAST_MATH = YES;
				SDKROOT = iphoneos;
				SWIFT_COMPILATION_MODE = wholemodule;
				SWIFT_OPTIMIZATION_LEVEL = "-O";
				VALIDATE_PRODUCT = YES;
			};
			name = Release;
		};
		5D448904299A7F5800A273D8 /* Debug */ = {
			isa = XCBuildConfiguration;
			buildSettings = {
				ASSETCATALOG_COMPILER_APPICON_NAME = AppIcon;
				ASSETCATALOG_COMPILER_GLOBAL_ACCENT_COLOR_NAME = AccentColor;
				CODE_SIGN_STYLE = Automatic;
				CURRENT_PROJECT_VERSION = 1;
				GENERATE_INFOPLIST_FILE = YES;
				INFOPLIST_FILE = SurfTest/Info.plist;
				INFOPLIST_KEY_UIApplicationSupportsIndirectInputEvents = YES;
				INFOPLIST_KEY_UILaunchStoryboardName = LaunchScreen;
				INFOPLIST_KEY_UISupportedInterfaceOrientations_iPad = "UIInterfaceOrientationPortrait UIInterfaceOrientationPortraitUpsideDown UIInterfaceOrientationLandscapeLeft UIInterfaceOrientationLandscapeRight";
				INFOPLIST_KEY_UISupportedInterfaceOrientations_iPhone = "UIInterfaceOrientationPortrait UIInterfaceOrientationLandscapeLeft UIInterfaceOrientationLandscapeRight";
				LD_RUNPATH_SEARCH_PATHS = (
					"$(inherited)",
					"@executable_path/Frameworks",
				);
				MARKETING_VERSION = 1.0;
				PRODUCT_BUNDLE_IDENTIFIER = com.apple.SurfTest;
				PRODUCT_NAME = "$(TARGET_NAME)";
				SWIFT_EMIT_LOC_STRINGS = YES;
				SWIFT_VERSION = 5.0;
				TARGETED_DEVICE_FAMILY = "1,2";
			};
			name = Debug;
		};
		5D448905299A7F5800A273D8 /* Release */ = {
			isa = XCBuildConfiguration;
			buildSettings = {
				ASSETCATALOG_COMPILER_APPICON_NAME = AppIcon;
				ASSETCATALOG_COMPILER_GLOBAL_ACCENT_COLOR_NAME = AccentColor;
				CODE_SIGN_STYLE = Automatic;
				CURRENT_PROJECT_VERSION = 1;
				GENERATE_INFOPLIST_FILE = YES;
				INFOPLIST_FILE = SurfTest/Info.plist;
				INFOPLIST_KEY_UIApplicationSupportsIndirectInputEvents = YES;
				INFOPLIST_KEY_UILaunchStoryboardName = LaunchScreen;
				INFOPLIST_KEY_UISupportedInterfaceOrientations_iPad = "UIInterfaceOrientationPortrait UIInterfaceOrientationPortraitUpsideDown UIInterfaceOrientationLandscapeLeft UIInterfaceOrientationLandscapeRight";
				INFOPLIST_KEY_UISupportedInterfaceOrientations_iPhone = "UIInterfaceOrientationPortrait UIInterfaceOrientationLandscapeLeft UIInterfaceOrientationLandscapeRight";
				LD_RUNPATH_SEARCH_PATHS = (
					"$(inherited)",
					"@executable_path/Frameworks",
				);
				MARKETING_VERSION = 1.0;
				PRODUCT_BUNDLE_IDENTIFIER = com.apple.SurfTest;
				PRODUCT_NAME = "$(TARGET_NAME)";
				SWIFT_EMIT_LOC_STRINGS = YES;
				SWIFT_VERSION = 5.0;
				TARGETED_DEVICE_FAMILY = "1,2";
			};
			name = Release;
		};
/* End XCBuildConfiguration section */

/* Begin XCConfigurationList section */
		5D4488EA299A7F5100A273D8 /* Build configuration list for PBXProject "SurfTest" */ = {
			isa = XCConfigurationList;
			buildConfigurations = (
				5D448901299A7F5800A273D8 /* Debug */,
				5D448902299A7F5800A273D8 /* Release */,
			);
			defaultConfigurationIsVisible = 0;
			defaultConfigurationName = Release;
		};
		5D448903299A7F5800A273D8 /* Build configuration list for PBXNativeTarget "SurfTest" */ = {
			isa = XCConfigurationList;
			buildConfigurations = (
				5D448904299A7F5800A273D8 /* Debug */,
				5D448905299A7F5800A273D8 /* Release */,
			);
			defaultConfigurationIsVisible = 0;
			defaultConfigurationName = Release;
		};
/* End XCConfigurationList section */
	};
	rootObject = 5D4488E7299A7F5100A273D8 /* Project object */;
}
